// !$*UTF8*$!
{
	archiveVersion = 1;
	classes = {
	};
	objectVersion = 46;
	objects = {

/* Begin PBXBuildFile section */
		911A6344ABB5FDA59A4C906C /* Pods_ProAcademy.framework in Frameworks */ = {isa = PBXBuildFile; fileRef = 91A944094A41DEF3A4EB9E38 /* Pods_ProAcademy.framework */; };
		9DBD96D6B0A89CBB5CDB57A7 /* Pods_ProAcademyTests.framework in Frameworks */ = {isa = PBXBuildFile; fileRef = 3EC820CAC6BE073E0C6ED645 /* Pods_ProAcademyTests.framework */; };
		B5064C5C1FAB24E3001E3BB0 /* Artist.swift in Sources */ = {isa = PBXBuildFile; fileRef = B5064C5B1FAB24E3001E3BB0 /* Artist.swift */; };
		B5064C5E1FAB2555001E3BB0 /* FavouritesService.swift in Sources */ = {isa = PBXBuildFile; fileRef = B5064C5D1FAB2555001E3BB0 /* FavouritesService.swift */; };
		B52CC0A21FA1FB4C00EB5ABB /* FadeDismissAnimationController.swift in Sources */ = {isa = PBXBuildFile; fileRef = B52CC0A11FA1FB4C00EB5ABB /* FadeDismissAnimationController.swift */; };
		B5311C0B1FB45E270067A64D /* Auth0.plist in Resources */ = {isa = PBXBuildFile; fileRef = B5311C0A1FB45E270067A64D /* Auth0.plist */; };
		B5311C0D1FB462F60067A64D /* LoginViewController.swift in Sources */ = {isa = PBXBuildFile; fileRef = B5311C0C1FB462F60067A64D /* LoginViewController.swift */; };
		B53F13821FACE21D00A776C5 /* MainTabBarViewController.swift in Sources */ = {isa = PBXBuildFile; fileRef = B53F13811FACE21D00A776C5 /* MainTabBarViewController.swift */; };
		B5437ACA1F7F9441003DB93D /* TrainingsViewController.swift in Sources */ = {isa = PBXBuildFile; fileRef = B5437AC91F7F9441003DB93D /* TrainingsViewController.swift */; };
		B5437ACC1F7F957A003DB93D /* TrainingTableViewCell.swift in Sources */ = {isa = PBXBuildFile; fileRef = B5437ACB1F7F957A003DB93D /* TrainingTableViewCell.swift */; };
		B5437ACF1F7FB9D7003DB93D /* TrainingDetailsViewController.swift in Sources */ = {isa = PBXBuildFile; fileRef = B5437ACE1F7FB9D7003DB93D /* TrainingDetailsViewController.swift */; };
		B5437AD11F8213A8003DB93D /* BookingViewController.swift in Sources */ = {isa = PBXBuildFile; fileRef = B5437AD01F8213A8003DB93D /* BookingViewController.swift */; };
		B5437AD31F83A20E003DB93D /* FavouritesViewController.swift in Sources */ = {isa = PBXBuildFile; fileRef = B5437AD21F83A20E003DB93D /* FavouritesViewController.swift */; };
		B5437AD51F83A265003DB93D /* Utils.swift in Sources */ = {isa = PBXBuildFile; fileRef = B5437AD41F83A265003DB93D /* Utils.swift */; };
		B5437AD71F85214A003DB93D /* TrainingsCollectionViewController.swift in Sources */ = {isa = PBXBuildFile; fileRef = B5437AD61F85214A003DB93D /* TrainingsCollectionViewController.swift */; };
		B5437ADA1F85260A003DB93D /* ArtistsCollectionViewController.swift in Sources */ = {isa = PBXBuildFile; fileRef = B5437AD91F85260A003DB93D /* ArtistsCollectionViewController.swift */; };
		B5437ADC1F863726003DB93D /* FavouriteEventCell.swift in Sources */ = {isa = PBXBuildFile; fileRef = B5437ADB1F863726003DB93D /* FavouriteEventCell.swift */; };
		B5437ADE1F8669E4003DB93D /* ArtistCell.swift in Sources */ = {isa = PBXBuildFile; fileRef = B5437ADD1F8669E4003DB93D /* ArtistCell.swift */; };
		B546FD351FB09ECB00E40482 /* InMemoryTrainingsService.swift in Sources */ = {isa = PBXBuildFile; fileRef = B546FD341FB09ECB00E40482 /* InMemoryTrainingsService.swift */; };
		B546FD371FB09F7900E40482 /* Training.swift in Sources */ = {isa = PBXBuildFile; fileRef = B546FD361FB09F7900E40482 /* Training.swift */; };
		B546FD3A1FB1C1D600E40482 /* Model.xcdatamodeld in Sources */ = {isa = PBXBuildFile; fileRef = B546FD381FB1C1D500E40482 /* Model.xcdatamodeld */; };
		B54C242A1F8CDB9600DC7AF9 /* ArtistView.xib in Resources */ = {isa = PBXBuildFile; fileRef = B54C24291F8CDB9600DC7AF9 /* ArtistView.xib */; };
		B5514CD91F9213370013A560 /* FadePresentAnimationController.swift in Sources */ = {isa = PBXBuildFile; fileRef = B5514CD81F9213370013A560 /* FadePresentAnimationController.swift */; };
		B5523FD31FBEF6ED00B19FA0 /* SessionManager.swift in Sources */ = {isa = PBXBuildFile; fileRef = B5523FD21FBEF6ED00B19FA0 /* SessionManager.swift */; };
		B5523FD51FBEFCD000B19FA0 /* SettingsViewController.swift in Sources */ = {isa = PBXBuildFile; fileRef = B5523FD41FBEFCD000B19FA0 /* SettingsViewController.swift */; };
		B5633C2E1F8D53B7005F9BE5 /* CardArtistView.swift in Sources */ = {isa = PBXBuildFile; fileRef = B5633C2D1F8D53B7005F9BE5 /* CardArtistView.swift */; };
		B57054111F7BC98300514412 /* AppDelegate.swift in Sources */ = {isa = PBXBuildFile; fileRef = B57054101F7BC98300514412 /* AppDelegate.swift */; };
		B57054161F7BC98300514412 /* Main.storyboard in Resources */ = {isa = PBXBuildFile; fileRef = B57054141F7BC98300514412 /* Main.storyboard */; };
		B57054181F7BC98300514412 /* Assets.xcassets in Resources */ = {isa = PBXBuildFile; fileRef = B57054171F7BC98300514412 /* Assets.xcassets */; };
		B570541B1F7BC98300514412 /* LaunchScreen.storyboard in Resources */ = {isa = PBXBuildFile; fileRef = B57054191F7BC98300514412 /* LaunchScreen.storyboard */; };
		B57054261F7BC98300514412 /* ProAcademyTests.swift in Sources */ = {isa = PBXBuildFile; fileRef = B57054251F7BC98300514412 /* ProAcademyTests.swift */; };
		B57054311F7E247600514412 /* WelcomePagesViewController.swift in Sources */ = {isa = PBXBuildFile; fileRef = B57054301F7E247600514412 /* WelcomePagesViewController.swift */; };
		B57054351F7E344C00514412 /* WelcomeViewController.swift in Sources */ = {isa = PBXBuildFile; fileRef = B57054341F7E344C00514412 /* WelcomeViewController.swift */; };
		B5842B9E1F8B52F400E6B573 /* ArtistsViewController.swift in Sources */ = {isa = PBXBuildFile; fileRef = B5842B9D1F8B52F400E6B573 /* ArtistsViewController.swift */; };
		B5CAC3DD1F875B72009B2A4D /* ArtistDetailsViewController.swift in Sources */ = {isa = PBXBuildFile; fileRef = B5CAC3DC1F875B72009B2A4D /* ArtistDetailsViewController.swift */; };
		B5CD41FC1F972ABD0081151A /* AboutViewController.swift in Sources */ = {isa = PBXBuildFile; fileRef = B5CD41FB1F972ABD0081151A /* AboutViewController.swift */; };
		B5CD41FE1F977D6B0081151A /* FAQViewController.swift in Sources */ = {isa = PBXBuildFile; fileRef = B5CD41FD1F977D6B0081151A /* FAQViewController.swift */; };
		B5CD42001F9907770081151A /* FAQAnwserCellTableViewCell.swift in Sources */ = {isa = PBXBuildFile; fileRef = B5CD41FF1F9907770081151A /* FAQAnwserCellTableViewCell.swift */; };
		B5E28BB51F9A07FE00815E15 /* TermsViewController.swift in Sources */ = {isa = PBXBuildFile; fileRef = B5E28BB41F9A07FE00815E15 /* TermsViewController.swift */; };
		B5E28BB71F9A081200815E15 /* AboutUsViewController.swift in Sources */ = {isa = PBXBuildFile; fileRef = B5E28BB61F9A081200815E15 /* AboutUsViewController.swift */; };
		B5E28BB91F9A094100815E15 /* AboutUsUI.swift in Sources */ = {isa = PBXBuildFile; fileRef = B5E28BB81F9A094100815E15 /* AboutUsUI.swift */; };
		B5E28BC11F9E264100815E15 /* ContentfulArtistsService.swift in Sources */ = {isa = PBXBuildFile; fileRef = B5E28BC01F9E264100815E15 /* ContentfulArtistsService.swift */; };
		B5EF98081FAF60D600D4A417 /* Rectangle.swift in Sources */ = {isa = PBXBuildFile; fileRef = B5EF98071FAF60D600D4A417 /* Rectangle.swift */; };
/* End PBXBuildFile section */

/* Begin PBXContainerItemProxy section */
		B57054221F7BC98300514412 /* PBXContainerItemProxy */ = {
			isa = PBXContainerItemProxy;
			containerPortal = B57054051F7BC98300514412 /* Project object */;
			proxyType = 1;
			remoteGlobalIDString = B570540C1F7BC98300514412;
			remoteInfo = ProAcademy;
		};
/* End PBXContainerItemProxy section */

/* Begin PBXFileReference section */
		313E76402CAF98D630DCA180 /* Pods_ProAcademy_ProAcademyTests.framework */ = {isa = PBXFileReference; explicitFileType = wrapper.framework; includeInIndex = 0; path = Pods_ProAcademy_ProAcademyTests.framework; sourceTree = BUILT_PRODUCTS_DIR; };
		393078D71735444382B4D15C /* Pods-ProAcademyTests.debug.xcconfig */ = {isa = PBXFileReference; includeInIndex = 1; lastKnownFileType = text.xcconfig; name = "Pods-ProAcademyTests.debug.xcconfig"; path = "Pods/Target Support Files/Pods-ProAcademyTests/Pods-ProAcademyTests.debug.xcconfig"; sourceTree = "<group>"; };
		3EC820CAC6BE073E0C6ED645 /* Pods_ProAcademyTests.framework */ = {isa = PBXFileReference; explicitFileType = wrapper.framework; includeInIndex = 0; path = Pods_ProAcademyTests.framework; sourceTree = BUILT_PRODUCTS_DIR; };
		4A1E35B614E8FDBADFBBE29C /* Pods-ProAcademy.debug.xcconfig */ = {isa = PBXFileReference; includeInIndex = 1; lastKnownFileType = text.xcconfig; name = "Pods-ProAcademy.debug.xcconfig"; path = "Pods/Target Support Files/Pods-ProAcademy/Pods-ProAcademy.debug.xcconfig"; sourceTree = "<group>"; };
		68951F4B391DBD0DCAEAA963 /* Pods-ProAcademyTests.release.xcconfig */ = {isa = PBXFileReference; includeInIndex = 1; lastKnownFileType = text.xcconfig; name = "Pods-ProAcademyTests.release.xcconfig"; path = "Pods/Target Support Files/Pods-ProAcademyTests/Pods-ProAcademyTests.release.xcconfig"; sourceTree = "<group>"; };
		91A944094A41DEF3A4EB9E38 /* Pods_ProAcademy.framework */ = {isa = PBXFileReference; explicitFileType = wrapper.framework; includeInIndex = 0; path = Pods_ProAcademy.framework; sourceTree = BUILT_PRODUCTS_DIR; };
		A8902566F9CC02EABA39599D /* Pods-ProAcademy.release.xcconfig */ = {isa = PBXFileReference; includeInIndex = 1; lastKnownFileType = text.xcconfig; name = "Pods-ProAcademy.release.xcconfig"; path = "Pods/Target Support Files/Pods-ProAcademy/Pods-ProAcademy.release.xcconfig"; sourceTree = "<group>"; };
		B5064C5B1FAB24E3001E3BB0 /* Artist.swift */ = {isa = PBXFileReference; lastKnownFileType = sourcecode.swift; path = Artist.swift; sourceTree = "<group>"; };
		B5064C5D1FAB2555001E3BB0 /* FavouritesService.swift */ = {isa = PBXFileReference; lastKnownFileType = sourcecode.swift; path = FavouritesService.swift; sourceTree = "<group>"; };
		B52CC0A11FA1FB4C00EB5ABB /* FadeDismissAnimationController.swift */ = {isa = PBXFileReference; lastKnownFileType = sourcecode.swift; path = FadeDismissAnimationController.swift; sourceTree = "<group>"; };
		B5311C0A1FB45E270067A64D /* Auth0.plist */ = {isa = PBXFileReference; lastKnownFileType = text.plist.xml; path = Auth0.plist; sourceTree = "<group>"; };
		B5311C0C1FB462F60067A64D /* LoginViewController.swift */ = {isa = PBXFileReference; lastKnownFileType = sourcecode.swift; path = LoginViewController.swift; sourceTree = "<group>"; };
		B53F13811FACE21D00A776C5 /* MainTabBarViewController.swift */ = {isa = PBXFileReference; lastKnownFileType = sourcecode.swift; path = MainTabBarViewController.swift; sourceTree = "<group>"; };
		B5437AC91F7F9441003DB93D /* TrainingsViewController.swift */ = {isa = PBXFileReference; fileEncoding = 4; lastKnownFileType = sourcecode.swift; path = TrainingsViewController.swift; sourceTree = "<group>"; };
		B5437ACB1F7F957A003DB93D /* TrainingTableViewCell.swift */ = {isa = PBXFileReference; fileEncoding = 4; lastKnownFileType = sourcecode.swift; path = TrainingTableViewCell.swift; sourceTree = "<group>"; };
		B5437ACE1F7FB9D7003DB93D /* TrainingDetailsViewController.swift */ = {isa = PBXFileReference; fileEncoding = 4; lastKnownFileType = sourcecode.swift; path = TrainingDetailsViewController.swift; sourceTree = "<group>"; };
		B5437AD01F8213A8003DB93D /* BookingViewController.swift */ = {isa = PBXFileReference; fileEncoding = 4; lastKnownFileType = sourcecode.swift; path = BookingViewController.swift; sourceTree = "<group>"; };
		B5437AD21F83A20E003DB93D /* FavouritesViewController.swift */ = {isa = PBXFileReference; fileEncoding = 4; lastKnownFileType = sourcecode.swift; path = FavouritesViewController.swift; sourceTree = "<group>"; };
		B5437AD41F83A265003DB93D /* Utils.swift */ = {isa = PBXFileReference; fileEncoding = 4; lastKnownFileType = sourcecode.swift; path = Utils.swift; sourceTree = "<group>"; };
		B5437AD61F85214A003DB93D /* TrainingsCollectionViewController.swift */ = {isa = PBXFileReference; fileEncoding = 4; lastKnownFileType = sourcecode.swift; path = TrainingsCollectionViewController.swift; sourceTree = "<group>"; };
		B5437AD91F85260A003DB93D /* ArtistsCollectionViewController.swift */ = {isa = PBXFileReference; fileEncoding = 4; lastKnownFileType = sourcecode.swift; path = ArtistsCollectionViewController.swift; sourceTree = "<group>"; };
		B5437ADB1F863726003DB93D /* FavouriteEventCell.swift */ = {isa = PBXFileReference; fileEncoding = 4; lastKnownFileType = sourcecode.swift; path = FavouriteEventCell.swift; sourceTree = "<group>"; };
		B5437ADD1F8669E4003DB93D /* ArtistCell.swift */ = {isa = PBXFileReference; fileEncoding = 4; lastKnownFileType = sourcecode.swift; path = ArtistCell.swift; sourceTree = "<group>"; };
		B546FD341FB09ECB00E40482 /* InMemoryTrainingsService.swift */ = {isa = PBXFileReference; lastKnownFileType = sourcecode.swift; path = InMemoryTrainingsService.swift; sourceTree = "<group>"; };
		B546FD361FB09F7900E40482 /* Training.swift */ = {isa = PBXFileReference; lastKnownFileType = sourcecode.swift; path = Training.swift; sourceTree = "<group>"; };
		B546FD391FB1C1D600E40482 /* Model.xcdatamodel */ = {isa = PBXFileReference; lastKnownFileType = wrapper.xcdatamodel; path = Model.xcdatamodel; sourceTree = "<group>"; };
		B54C24291F8CDB9600DC7AF9 /* ArtistView.xib */ = {isa = PBXFileReference; lastKnownFileType = file.xib; path = ArtistView.xib; sourceTree = "<group>"; };
		B5514CD81F9213370013A560 /* FadePresentAnimationController.swift */ = {isa = PBXFileReference; lastKnownFileType = sourcecode.swift; path = FadePresentAnimationController.swift; sourceTree = "<group>"; };
		B5523FD21FBEF6ED00B19FA0 /* SessionManager.swift */ = {isa = PBXFileReference; lastKnownFileType = sourcecode.swift; path = SessionManager.swift; sourceTree = "<group>"; };
		B5523FD41FBEFCD000B19FA0 /* SettingsViewController.swift */ = {isa = PBXFileReference; lastKnownFileType = sourcecode.swift; path = SettingsViewController.swift; sourceTree = "<group>"; };
		B5633C2D1F8D53B7005F9BE5 /* CardArtistView.swift */ = {isa = PBXFileReference; lastKnownFileType = sourcecode.swift; path = CardArtistView.swift; sourceTree = "<group>"; };
		B570540D1F7BC98300514412 /* ProAcademy.app */ = {isa = PBXFileReference; explicitFileType = wrapper.application; includeInIndex = 0; path = ProAcademy.app; sourceTree = BUILT_PRODUCTS_DIR; };
		B57054101F7BC98300514412 /* AppDelegate.swift */ = {isa = PBXFileReference; lastKnownFileType = sourcecode.swift; path = AppDelegate.swift; sourceTree = "<group>"; };
		B57054151F7BC98300514412 /* Base */ = {isa = PBXFileReference; lastKnownFileType = file.storyboard; name = Base; path = Base.lproj/Main.storyboard; sourceTree = "<group>"; };
		B57054171F7BC98300514412 /* Assets.xcassets */ = {isa = PBXFileReference; lastKnownFileType = folder.assetcatalog; path = Assets.xcassets; sourceTree = "<group>"; };
		B570541A1F7BC98300514412 /* Base */ = {isa = PBXFileReference; lastKnownFileType = file.storyboard; name = Base; path = Base.lproj/LaunchScreen.storyboard; sourceTree = "<group>"; };
		B570541C1F7BC98300514412 /* Info.plist */ = {isa = PBXFileReference; lastKnownFileType = text.plist.xml; path = Info.plist; sourceTree = "<group>"; };
		B57054211F7BC98300514412 /* ProAcademyTests.xctest */ = {isa = PBXFileReference; explicitFileType = wrapper.cfbundle; includeInIndex = 0; path = ProAcademyTests.xctest; sourceTree = BUILT_PRODUCTS_DIR; };
		B57054251F7BC98300514412 /* ProAcademyTests.swift */ = {isa = PBXFileReference; lastKnownFileType = sourcecode.swift; path = ProAcademyTests.swift; sourceTree = "<group>"; };
		B57054271F7BC98300514412 /* Info.plist */ = {isa = PBXFileReference; lastKnownFileType = text.plist.xml; path = Info.plist; sourceTree = "<group>"; };
		B57054301F7E247600514412 /* WelcomePagesViewController.swift */ = {isa = PBXFileReference; fileEncoding = 4; lastKnownFileType = sourcecode.swift; path = WelcomePagesViewController.swift; sourceTree = "<group>"; };
		B57054341F7E344C00514412 /* WelcomeViewController.swift */ = {isa = PBXFileReference; fileEncoding = 4; lastKnownFileType = sourcecode.swift; path = WelcomeViewController.swift; sourceTree = "<group>"; };
		B5842B9D1F8B52F400E6B573 /* ArtistsViewController.swift */ = {isa = PBXFileReference; lastKnownFileType = sourcecode.swift; path = ArtistsViewController.swift; sourceTree = "<group>"; };
		B5CAC3DC1F875B72009B2A4D /* ArtistDetailsViewController.swift */ = {isa = PBXFileReference; fileEncoding = 4; lastKnownFileType = sourcecode.swift; path = ArtistDetailsViewController.swift; sourceTree = "<group>"; };
		B5CD41FB1F972ABD0081151A /* AboutViewController.swift */ = {isa = PBXFileReference; lastKnownFileType = sourcecode.swift; path = AboutViewController.swift; sourceTree = "<group>"; };
		B5CD41FD1F977D6B0081151A /* FAQViewController.swift */ = {isa = PBXFileReference; lastKnownFileType = sourcecode.swift; path = FAQViewController.swift; sourceTree = "<group>"; };
		B5CD41FF1F9907770081151A /* FAQAnwserCellTableViewCell.swift */ = {isa = PBXFileReference; lastKnownFileType = sourcecode.swift; path = FAQAnwserCellTableViewCell.swift; sourceTree = "<group>"; };
		B5E28BB41F9A07FE00815E15 /* TermsViewController.swift */ = {isa = PBXFileReference; lastKnownFileType = sourcecode.swift; path = TermsViewController.swift; sourceTree = "<group>"; };
		B5E28BB61F9A081200815E15 /* AboutUsViewController.swift */ = {isa = PBXFileReference; lastKnownFileType = sourcecode.swift; path = AboutUsViewController.swift; sourceTree = "<group>"; };
		B5E28BB81F9A094100815E15 /* AboutUsUI.swift */ = {isa = PBXFileReference; lastKnownFileType = sourcecode.swift; path = AboutUsUI.swift; sourceTree = "<group>"; };
		B5E28BC01F9E264100815E15 /* ContentfulArtistsService.swift */ = {isa = PBXFileReference; lastKnownFileType = sourcecode.swift; path = ContentfulArtistsService.swift; sourceTree = "<group>"; };
		B5EF98071FAF60D600D4A417 /* Rectangle.swift */ = {isa = PBXFileReference; lastKnownFileType = sourcecode.swift; path = Rectangle.swift; sourceTree = "<group>"; };
/* End PBXFileReference section */

/* Begin PBXFrameworksBuildPhase section */
		B570540A1F7BC98300514412 /* Frameworks */ = {
			isa = PBXFrameworksBuildPhase;
			buildActionMask = 2147483647;
			files = (
				911A6344ABB5FDA59A4C906C /* Pods_ProAcademy.framework in Frameworks */,
			);
			runOnlyForDeploymentPostprocessing = 0;
		};
		B570541E1F7BC98300514412 /* Frameworks */ = {
			isa = PBXFrameworksBuildPhase;
			buildActionMask = 2147483647;
			files = (
				9DBD96D6B0A89CBB5CDB57A7 /* Pods_ProAcademyTests.framework in Frameworks */,
			);
			runOnlyForDeploymentPostprocessing = 0;
		};
/* End PBXFrameworksBuildPhase section */

/* Begin PBXGroup section */
		0A645FABA25EAE8A971A9549 /* Pods */ = {
			isa = PBXGroup;
			children = (
				4A1E35B614E8FDBADFBBE29C /* Pods-ProAcademy.debug.xcconfig */,
				A8902566F9CC02EABA39599D /* Pods-ProAcademy.release.xcconfig */,
				393078D71735444382B4D15C /* Pods-ProAcademyTests.debug.xcconfig */,
				68951F4B391DBD0DCAEAA963 /* Pods-ProAcademyTests.release.xcconfig */,
			);
			name = Pods;
			sourceTree = "<group>";
		};
		5F6A350F0DBAAB8C7F7A37F3 /* Frameworks */ = {
			isa = PBXGroup;
			children = (
				91A944094A41DEF3A4EB9E38 /* Pods_ProAcademy.framework */,
				3EC820CAC6BE073E0C6ED645 /* Pods_ProAcademyTests.framework */,
				313E76402CAF98D630DCA180 /* Pods_ProAcademy_ProAcademyTests.framework */,
			);
			name = Frameworks;
			sourceTree = "<group>";
		};
		B5437ACD1F7F95D7003DB93D /* Trainings */ = {
			isa = PBXGroup;
			children = (
				B5437AC91F7F9441003DB93D /* TrainingsViewController.swift */,
				B5437ACB1F7F957A003DB93D /* TrainingTableViewCell.swift */,
				B5437ACE1F7FB9D7003DB93D /* TrainingDetailsViewController.swift */,
				B5437AD01F8213A8003DB93D /* BookingViewController.swift */,
			);
			name = Trainings;
			sourceTree = "<group>";
		};
		B5437AD81F8525CF003DB93D /* Favourites */ = {
			isa = PBXGroup;
			children = (
				B5437AD21F83A20E003DB93D /* FavouritesViewController.swift */,
				B5437AD61F85214A003DB93D /* TrainingsCollectionViewController.swift */,
				B5437AD91F85260A003DB93D /* ArtistsCollectionViewController.swift */,
				B5437ADB1F863726003DB93D /* FavouriteEventCell.swift */,
				B5437ADD1F8669E4003DB93D /* ArtistCell.swift */,
			);
			name = Favourites;
			sourceTree = "<group>";
		};
		B5633C2F1F8E2D0F005F9BE5 /* Artists */ = {
			isa = PBXGroup;
			children = (
				B5CAC3DC1F875B72009B2A4D /* ArtistDetailsViewController.swift */,
				B5842B9D1F8B52F400E6B573 /* ArtistsViewController.swift */,
				B54C24291F8CDB9600DC7AF9 /* ArtistView.xib */,
				B5633C2D1F8D53B7005F9BE5 /* CardArtistView.swift */,
				B5514CD81F9213370013A560 /* FadePresentAnimationController.swift */,
				B52CC0A11FA1FB4C00EB5ABB /* FadeDismissAnimationController.swift */,
			);
			name = Artists;
			sourceTree = "<group>";
		};
		B57054041F7BC98300514412 = {
			isa = PBXGroup;
			children = (
				B570540F1F7BC98300514412 /* ProAcademy */,
				B57054241F7BC98300514412 /* ProAcademyTests */,
				B570540E1F7BC98300514412 /* Products */,
				0A645FABA25EAE8A971A9549 /* Pods */,
				5F6A350F0DBAAB8C7F7A37F3 /* Frameworks */,
			);
			sourceTree = "<group>";
		};
		B570540E1F7BC98300514412 /* Products */ = {
			isa = PBXGroup;
			children = (
				B570540D1F7BC98300514412 /* ProAcademy.app */,
				B57054211F7BC98300514412 /* ProAcademyTests.xctest */,
			);
			name = Products;
			sourceTree = "<group>";
		};
		B570540F1F7BC98300514412 /* ProAcademy */ = {
			isa = PBXGroup;
			children = (
				B5E28BC21F9E2D8700815E15 /* Services */,
				B57054101F7BC98300514412 /* AppDelegate.swift */,
				B57054141F7BC98300514412 /* Main.storyboard */,
				B53F13811FACE21D00A776C5 /* MainTabBarViewController.swift */,
				B57054171F7BC98300514412 /* Assets.xcassets */,
				B57054191F7BC98300514412 /* LaunchScreen.storyboard */,
				B570541C1F7BC98300514412 /* Info.plist */,
				B5311C0A1FB45E270067A64D /* Auth0.plist */,
				B57054361F7E43D600514412 /* Welcome */,
				B5437ACD1F7F95D7003DB93D /* Trainings */,
				B5437AD81F8525CF003DB93D /* Favourites */,
				B5437AD41F83A265003DB93D /* Utils.swift */,
				B5633C2F1F8E2D0F005F9BE5 /* Artists */,
				B5CD42011F9907B50081151A /* AboutUs */,
				B5EF98071FAF60D600D4A417 /* Rectangle.swift */,
				B5311C0C1FB462F60067A64D /* LoginViewController.swift */,
				B5523FD21FBEF6ED00B19FA0 /* SessionManager.swift */,
				B5523FD41FBEFCD000B19FA0 /* SettingsViewController.swift */,
			);
			path = ProAcademy;
			sourceTree = "<group>";
		};
		B57054241F7BC98300514412 /* ProAcademyTests */ = {
			isa = PBXGroup;
			children = (
				B57054251F7BC98300514412 /* ProAcademyTests.swift */,
				B57054271F7BC98300514412 /* Info.plist */,
			);
			path = ProAcademyTests;
			sourceTree = "<group>";
		};
		B57054361F7E43D600514412 /* Welcome */ = {
			isa = PBXGroup;
			children = (
				B57054301F7E247600514412 /* WelcomePagesViewController.swift */,
				B57054341F7E344C00514412 /* WelcomeViewController.swift */,
			);
			name = Welcome;
			sourceTree = "<group>";
		};
		B5CD42011F9907B50081151A /* AboutUs */ = {
			isa = PBXGroup;
			children = (
				B5CD41FB1F972ABD0081151A /* AboutViewController.swift */,
				B5CD41FF1F9907770081151A /* FAQAnwserCellTableViewCell.swift */,
				B5CD41FD1F977D6B0081151A /* FAQViewController.swift */,
				B5E28BB41F9A07FE00815E15 /* TermsViewController.swift */,
				B5E28BB61F9A081200815E15 /* AboutUsViewController.swift */,
				B5E28BB81F9A094100815E15 /* AboutUsUI.swift */,
			);
			name = AboutUs;
			sourceTree = "<group>";
		};
		B5E28BC21F9E2D8700815E15 /* Services */ = {
			isa = PBXGroup;
			children = (
				B546FD381FB1C1D500E40482 /* Model.xcdatamodeld */,
				B5E28BC01F9E264100815E15 /* ContentfulArtistsService.swift */,
				B5064C5B1FAB24E3001E3BB0 /* Artist.swift */,
				B546FD361FB09F7900E40482 /* Training.swift */,
				B5064C5D1FAB2555001E3BB0 /* FavouritesService.swift */,
				B546FD341FB09ECB00E40482 /* InMemoryTrainingsService.swift */,
			);
			name = Services;
			sourceTree = "<group>";
		};
/* End PBXGroup section */

/* Begin PBXNativeTarget section */
		B570540C1F7BC98300514412 /* ProAcademy */ = {
			isa = PBXNativeTarget;
			buildConfigurationList = B570542A1F7BC98300514412 /* Build configuration list for PBXNativeTarget "ProAcademy" */;
			buildPhases = (
				3EFD14B363878F9B46215192 /* [CP] Check Pods Manifest.lock */,
				B57054091F7BC98300514412 /* Sources */,
				B570540A1F7BC98300514412 /* Frameworks */,
				B570540B1F7BC98300514412 /* Resources */,
				CC05E90DEDF64E8A48DF4EED /* [CP] Embed Pods Frameworks */,
				2E3DC1F8268F97FCE2EBD702 /* [CP] Copy Pods Resources */,
			);
			buildRules = (
			);
			dependencies = (
			);
			name = ProAcademy;
			productName = ProAcademy;
			productReference = B570540D1F7BC98300514412 /* ProAcademy.app */;
			productType = "com.apple.product-type.application";
		};
		B57054201F7BC98300514412 /* ProAcademyTests */ = {
			isa = PBXNativeTarget;
			buildConfigurationList = B570542D1F7BC98300514412 /* Build configuration list for PBXNativeTarget "ProAcademyTests" */;
			buildPhases = (
				76B1857300D4083F8F2E9909 /* [CP] Check Pods Manifest.lock */,
				B570541D1F7BC98300514412 /* Sources */,
				B570541E1F7BC98300514412 /* Frameworks */,
				B570541F1F7BC98300514412 /* Resources */,
				34019F4A685D6783C44A1D5B /* [CP] Embed Pods Frameworks */,
				BE6512986CDED086625D6FF1 /* [CP] Copy Pods Resources */,
			);
			buildRules = (
			);
			dependencies = (
				B57054231F7BC98300514412 /* PBXTargetDependency */,
			);
			name = ProAcademyTests;
			productName = ProAcademyTests;
			productReference = B57054211F7BC98300514412 /* ProAcademyTests.xctest */;
			productType = "com.apple.product-type.bundle.unit-test";
		};
/* End PBXNativeTarget section */

/* Begin PBXProject section */
		B57054051F7BC98300514412 /* Project object */ = {
			isa = PBXProject;
			attributes = {
				LastSwiftUpdateCheck = 0830;
				LastUpgradeCheck = 0830;
				ORGANIZATIONNAME = "Design Love";
				TargetAttributes = {
					B570540C1F7BC98300514412 = {
						CreatedOnToolsVersion = 8.3.3;
						DevelopmentTeam = 3Y66QPURVG;
						ProvisioningStyle = Automatic;
					};
					B57054201F7BC98300514412 = {
						CreatedOnToolsVersion = 8.3.3;
						DevelopmentTeam = 3Y66QPURVG;
						ProvisioningStyle = Automatic;
						TestTargetID = B570540C1F7BC98300514412;
					};
				};
			};
			buildConfigurationList = B57054081F7BC98300514412 /* Build configuration list for PBXProject "ProAcademy" */;
			compatibilityVersion = "Xcode 3.2";
			developmentRegion = English;
			hasScannedForEncodings = 0;
			knownRegions = (
				en,
				Base,
			);
			mainGroup = B57054041F7BC98300514412;
			productRefGroup = B570540E1F7BC98300514412 /* Products */;
			projectDirPath = "";
			projectRoot = "";
			targets = (
				B570540C1F7BC98300514412 /* ProAcademy */,
				B57054201F7BC98300514412 /* ProAcademyTests */,
			);
		};
/* End PBXProject section */

/* Begin PBXResourcesBuildPhase section */
		B570540B1F7BC98300514412 /* Resources */ = {
			isa = PBXResourcesBuildPhase;
			buildActionMask = 2147483647;
			files = (
				B5311C0B1FB45E270067A64D /* Auth0.plist in Resources */,
				B570541B1F7BC98300514412 /* LaunchScreen.storyboard in Resources */,
				B54C242A1F8CDB9600DC7AF9 /* ArtistView.xib in Resources */,
				B57054181F7BC98300514412 /* Assets.xcassets in Resources */,
				B57054161F7BC98300514412 /* Main.storyboard in Resources */,
			);
			runOnlyForDeploymentPostprocessing = 0;
		};
		B570541F1F7BC98300514412 /* Resources */ = {
			isa = PBXResourcesBuildPhase;
			buildActionMask = 2147483647;
			files = (
			);
			runOnlyForDeploymentPostprocessing = 0;
		};
/* End PBXResourcesBuildPhase section */

/* Begin PBXShellScriptBuildPhase section */
		2E3DC1F8268F97FCE2EBD702 /* [CP] Copy Pods Resources */ = {
			isa = PBXShellScriptBuildPhase;
			buildActionMask = 2147483647;
			files = (
			);
			inputPaths = (
			);
			name = "[CP] Copy Pods Resources";
			outputPaths = (
			);
			runOnlyForDeploymentPostprocessing = 0;
			shellPath = /bin/sh;
			shellScript = "\"${SRCROOT}/Pods/Target Support Files/Pods-ProAcademy/Pods-ProAcademy-resources.sh\"\n";
			showEnvVarsInLog = 0;
		};
		34019F4A685D6783C44A1D5B /* [CP] Embed Pods Frameworks */ = {
			isa = PBXShellScriptBuildPhase;
			buildActionMask = 2147483647;
			files = (
			);
			inputPaths = (
			);
			name = "[CP] Embed Pods Frameworks";
			outputPaths = (
			);
			runOnlyForDeploymentPostprocessing = 0;
			shellPath = /bin/sh;
			shellScript = "\"${SRCROOT}/Pods/Target Support Files/Pods-ProAcademyTests/Pods-ProAcademyTests-frameworks.sh\"\n";
			showEnvVarsInLog = 0;
		};
		3EFD14B363878F9B46215192 /* [CP] Check Pods Manifest.lock */ = {
			isa = PBXShellScriptBuildPhase;
			buildActionMask = 2147483647;
			files = (
			);
			inputPaths = (
				"${PODS_PODFILE_DIR_PATH}/Podfile.lock",
				"${PODS_ROOT}/Manifest.lock",
			);
			name = "[CP] Check Pods Manifest.lock";
			outputPaths = (
				"$(DERIVED_FILE_DIR)/Pods-ProAcademy-checkManifestLockResult.txt",
			);
			runOnlyForDeploymentPostprocessing = 0;
			shellPath = /bin/sh;
			shellScript = "diff \"${PODS_PODFILE_DIR_PATH}/Podfile.lock\" \"${PODS_ROOT}/Manifest.lock\" > /dev/null\nif [ $? != 0 ] ; then\n    # print error to STDERR\n    echo \"error: The sandbox is not in sync with the Podfile.lock. Run 'pod install' or update your CocoaPods installation.\" >&2\n    exit 1\nfi\n# This output is used by Xcode 'outputs' to avoid re-running this script phase.\necho \"SUCCESS\" > \"${SCRIPT_OUTPUT_FILE_0}\"\n";
			showEnvVarsInLog = 0;
		};
		76B1857300D4083F8F2E9909 /* [CP] Check Pods Manifest.lock */ = {
			isa = PBXShellScriptBuildPhase;
			buildActionMask = 2147483647;
			files = (
			);
			inputPaths = (
				"${PODS_PODFILE_DIR_PATH}/Podfile.lock",
				"${PODS_ROOT}/Manifest.lock",
			);
			name = "[CP] Check Pods Manifest.lock";
			outputPaths = (
				"$(DERIVED_FILE_DIR)/Pods-ProAcademyTests-checkManifestLockResult.txt",
			);
			runOnlyForDeploymentPostprocessing = 0;
			shellPath = /bin/sh;
			shellScript = "diff \"${PODS_PODFILE_DIR_PATH}/Podfile.lock\" \"${PODS_ROOT}/Manifest.lock\" > /dev/null\nif [ $? != 0 ] ; then\n    # print error to STDERR\n    echo \"error: The sandbox is not in sync with the Podfile.lock. Run 'pod install' or update your CocoaPods installation.\" >&2\n    exit 1\nfi\n# This output is used by Xcode 'outputs' to avoid re-running this script phase.\necho \"SUCCESS\" > \"${SCRIPT_OUTPUT_FILE_0}\"\n";
			showEnvVarsInLog = 0;
		};
		BE6512986CDED086625D6FF1 /* [CP] Copy Pods Resources */ = {
			isa = PBXShellScriptBuildPhase;
			buildActionMask = 2147483647;
			files = (
			);
			inputPaths = (
			);
			name = "[CP] Copy Pods Resources";
			outputPaths = (
			);
			runOnlyForDeploymentPostprocessing = 0;
			shellPath = /bin/sh;
			shellScript = "\"${SRCROOT}/Pods/Target Support Files/Pods-ProAcademyTests/Pods-ProAcademyTests-resources.sh\"\n";
			showEnvVarsInLog = 0;
		};
		CC05E90DEDF64E8A48DF4EED /* [CP] Embed Pods Frameworks */ = {
			isa = PBXShellScriptBuildPhase;
			buildActionMask = 2147483647;
			files = (
			);
			inputPaths = (
				"${SRCROOT}/Pods/Target Support Files/Pods-ProAcademy/Pods-ProAcademy-frameworks.sh",
				"${BUILT_PRODUCTS_DIR}/Auth0/Auth0.framework",
				"${BUILT_PRODUCTS_DIR}/Contentful/Contentful.framework",
				"${BUILT_PRODUCTS_DIR}/Interstellar/Interstellar.framework",
				"${BUILT_PRODUCTS_DIR}/Lock/Lock.framework",
				"${BUILT_PRODUCTS_DIR}/SimpleKeychain/SimpleKeychain.framework",
				"${BUILT_PRODUCTS_DIR}/iCarousel/iCarousel.framework",
			);
			name = "[CP] Embed Pods Frameworks";
			outputPaths = (
				"${TARGET_BUILD_DIR}/${FRAMEWORKS_FOLDER_PATH}/Auth0.framework",
				"${TARGET_BUILD_DIR}/${FRAMEWORKS_FOLDER_PATH}/Contentful.framework",
				"${TARGET_BUILD_DIR}/${FRAMEWORKS_FOLDER_PATH}/Interstellar.framework",
				"${TARGET_BUILD_DIR}/${FRAMEWORKS_FOLDER_PATH}/Lock.framework",
				"${TARGET_BUILD_DIR}/${FRAMEWORKS_FOLDER_PATH}/SimpleKeychain.framework",
				"${TARGET_BUILD_DIR}/${FRAMEWORKS_FOLDER_PATH}/iCarousel.framework",
			);
			runOnlyForDeploymentPostprocessing = 0;
			shellPath = /bin/sh;
			shellScript = "\"${SRCROOT}/Pods/Target Support Files/Pods-ProAcademy/Pods-ProAcademy-frameworks.sh\"\n";
			showEnvVarsInLog = 0;
		};
/* End PBXShellScriptBuildPhase section */

/* Begin PBXSourcesBuildPhase section */
		B57054091F7BC98300514412 /* Sources */ = {
			isa = PBXSourcesBuildPhase;
			buildActionMask = 2147483647;
			files = (
				B5EF98081FAF60D600D4A417 /* Rectangle.swift in Sources */,
				B5437ADA1F85260A003DB93D /* ArtistsCollectionViewController.swift in Sources */,
				B5437AD11F8213A8003DB93D /* BookingViewController.swift in Sources */,
				B57054351F7E344C00514412 /* WelcomeViewController.swift in Sources */,
				B5437ACA1F7F9441003DB93D /* TrainingsViewController.swift in Sources */,
				B546FD371FB09F7900E40482 /* Training.swift in Sources */,
				B5633C2E1F8D53B7005F9BE5 /* CardArtistView.swift in Sources */,
				B5064C5C1FAB24E3001E3BB0 /* Artist.swift in Sources */,
				B57054311F7E247600514412 /* WelcomePagesViewController.swift in Sources */,
				B546FD351FB09ECB00E40482 /* InMemoryTrainingsService.swift in Sources */,
				B5437ACC1F7F957A003DB93D /* TrainingTableViewCell.swift in Sources */,
				B5064C5E1FAB2555001E3BB0 /* FavouritesService.swift in Sources */,
				B5437ADE1F8669E4003DB93D /* ArtistCell.swift in Sources */,
				B5CD42001F9907770081151A /* FAQAnwserCellTableViewCell.swift in Sources */,
				B5842B9E1F8B52F400E6B573 /* ArtistsViewController.swift in Sources */,
				B5437AD71F85214A003DB93D /* TrainingsCollectionViewController.swift in Sources */,
				B5523FD31FBEF6ED00B19FA0 /* SessionManager.swift in Sources */,
				B5437AD51F83A265003DB93D /* Utils.swift in Sources */,
				B5CAC3DD1F875B72009B2A4D /* ArtistDetailsViewController.swift in Sources */,
				B5E28BB51F9A07FE00815E15 /* TermsViewController.swift in Sources */,
				B5E28BB71F9A081200815E15 /* AboutUsViewController.swift in Sources */,
				B57054111F7BC98300514412 /* AppDelegate.swift in Sources */,
				B5311C0D1FB462F60067A64D /* LoginViewController.swift in Sources */,
				B5523FD51FBEFCD000B19FA0 /* SettingsViewController.swift in Sources */,
				B5437AD31F83A20E003DB93D /* FavouritesViewController.swift in Sources */,
				B5437ADC1F863726003DB93D /* FavouriteEventCell.swift in Sources */,
				B5E28BC11F9E264100815E15 /* ContentfulArtistsService.swift in Sources */,
				B5514CD91F9213370013A560 /* FadePresentAnimationController.swift in Sources */,
				B5CD41FE1F977D6B0081151A /* FAQViewController.swift in Sources */,
				B5CD41FC1F972ABD0081151A /* AboutViewController.swift in Sources */,
				B546FD3A1FB1C1D600E40482 /* Model.xcdatamodeld in Sources */,
				B5437ACF1F7FB9D7003DB93D /* TrainingDetailsViewController.swift in Sources */,
				B5E28BB91F9A094100815E15 /* AboutUsUI.swift in Sources */,
				B53F13821FACE21D00A776C5 /* MainTabBarViewController.swift in Sources */,
				B52CC0A21FA1FB4C00EB5ABB /* FadeDismissAnimationController.swift in Sources */,
			);
			runOnlyForDeploymentPostprocessing = 0;
		};
		B570541D1F7BC98300514412 /* Sources */ = {
			isa = PBXSourcesBuildPhase;
			buildActionMask = 2147483647;
			files = (
				B57054261F7BC98300514412 /* ProAcademyTests.swift in Sources */,
			);
			runOnlyForDeploymentPostprocessing = 0;
		};
/* End PBXSourcesBuildPhase section */

/* Begin PBXTargetDependency section */
		B57054231F7BC98300514412 /* PBXTargetDependency */ = {
			isa = PBXTargetDependency;
			target = B570540C1F7BC98300514412 /* ProAcademy */;
			targetProxy = B57054221F7BC98300514412 /* PBXContainerItemProxy */;
		};
/* End PBXTargetDependency section */

/* Begin PBXVariantGroup section */
		B57054141F7BC98300514412 /* Main.storyboard */ = {
			isa = PBXVariantGroup;
			children = (
				B57054151F7BC98300514412 /* Base */,
			);
			name = Main.storyboard;
			sourceTree = "<group>";
		};
		B57054191F7BC98300514412 /* LaunchScreen.storyboard */ = {
			isa = PBXVariantGroup;
			children = (
				B570541A1F7BC98300514412 /* Base */,
			);
			name = LaunchScreen.storyboard;
			sourceTree = "<group>";
		};
/* End PBXVariantGroup section */

/* Begin XCBuildConfiguration section */
		B57054281F7BC98300514412 /* Debug */ = {
			isa = XCBuildConfiguration;
			buildSettings = {
				ALWAYS_SEARCH_USER_PATHS = NO;
				CLANG_ANALYZER_NONNULL = YES;
				CLANG_ANALYZER_NUMBER_OBJECT_CONVERSION = YES_AGGRESSIVE;
				CLANG_CXX_LANGUAGE_STANDARD = "gnu++0x";
				CLANG_CXX_LIBRARY = "libc++";
				CLANG_ENABLE_MODULES = YES;
				CLANG_ENABLE_OBJC_ARC = YES;
				CLANG_WARN_BOOL_CONVERSION = YES;
				CLANG_WARN_CONSTANT_CONVERSION = YES;
				CLANG_WARN_DIRECT_OBJC_ISA_USAGE = YES_ERROR;
				CLANG_WARN_DOCUMENTATION_COMMENTS = YES;
				CLANG_WARN_EMPTY_BODY = YES;
				CLANG_WARN_ENUM_CONVERSION = YES;
				CLANG_WARN_INFINITE_RECURSION = YES;
				CLANG_WARN_INT_CONVERSION = YES;
				CLANG_WARN_OBJC_ROOT_CLASS = YES_ERROR;
				CLANG_WARN_SUSPICIOUS_MOVE = YES;
				CLANG_WARN_UNREACHABLE_CODE = YES;
				CLANG_WARN__DUPLICATE_METHOD_MATCH = YES;
				"CODE_SIGN_IDENTITY[sdk=iphoneos*]" = "iPhone Developer";
				COPY_PHASE_STRIP = NO;
				DEBUG_INFORMATION_FORMAT = dwarf;
				ENABLE_STRICT_OBJC_MSGSEND = YES;
				ENABLE_TESTABILITY = YES;
				GCC_C_LANGUAGE_STANDARD = gnu99;
				GCC_DYNAMIC_NO_PIC = NO;
				GCC_NO_COMMON_BLOCKS = YES;
				GCC_OPTIMIZATION_LEVEL = 0;
				GCC_PREPROCESSOR_DEFINITIONS = (
					"DEBUG=1",
					"$(inherited)",
				);
				GCC_WARN_64_TO_32_BIT_CONVERSION = YES;
				GCC_WARN_ABOUT_RETURN_TYPE = YES_ERROR;
				GCC_WARN_UNDECLARED_SELECTOR = YES;
				GCC_WARN_UNINITIALIZED_AUTOS = YES_AGGRESSIVE;
				GCC_WARN_UNUSED_FUNCTION = YES;
				GCC_WARN_UNUSED_VARIABLE = YES;
				IPHONEOS_DEPLOYMENT_TARGET = 10.3;
				MTL_ENABLE_DEBUG_INFO = YES;
				ONLY_ACTIVE_ARCH = YES;
				SDKROOT = iphoneos;
				SWIFT_ACTIVE_COMPILATION_CONDITIONS = DEBUG;
				SWIFT_OPTIMIZATION_LEVEL = "-Onone";
				TARGETED_DEVICE_FAMILY = "1,2";
			};
			name = Debug;
		};
		B57054291F7BC98300514412 /* Release */ = {
			isa = XCBuildConfiguration;
			buildSettings = {
				ALWAYS_SEARCH_USER_PATHS = NO;
				CLANG_ANALYZER_NONNULL = YES;
				CLANG_ANALYZER_NUMBER_OBJECT_CONVERSION = YES_AGGRESSIVE;
				CLANG_CXX_LANGUAGE_STANDARD = "gnu++0x";
				CLANG_CXX_LIBRARY = "libc++";
				CLANG_ENABLE_MODULES = YES;
				CLANG_ENABLE_OBJC_ARC = YES;
				CLANG_WARN_BOOL_CONVERSION = YES;
				CLANG_WARN_CONSTANT_CONVERSION = YES;
				CLANG_WARN_DIRECT_OBJC_ISA_USAGE = YES_ERROR;
				CLANG_WARN_DOCUMENTATION_COMMENTS = YES;
				CLANG_WARN_EMPTY_BODY = YES;
				CLANG_WARN_ENUM_CONVERSION = YES;
				CLANG_WARN_INFINITE_RECURSION = YES;
				CLANG_WARN_INT_CONVERSION = YES;
				CLANG_WARN_OBJC_ROOT_CLASS = YES_ERROR;
				CLANG_WARN_SUSPICIOUS_MOVE = YES;
				CLANG_WARN_UNREACHABLE_CODE = YES;
				CLANG_WARN__DUPLICATE_METHOD_MATCH = YES;
				"CODE_SIGN_IDENTITY[sdk=iphoneos*]" = "iPhone Developer";
				COPY_PHASE_STRIP = NO;
				DEBUG_INFORMATION_FORMAT = "dwarf-with-dsym";
				ENABLE_NS_ASSERTIONS = NO;
				ENABLE_STRICT_OBJC_MSGSEND = YES;
				GCC_C_LANGUAGE_STANDARD = gnu99;
				GCC_NO_COMMON_BLOCKS = YES;
				GCC_WARN_64_TO_32_BIT_CONVERSION = YES;
				GCC_WARN_ABOUT_RETURN_TYPE = YES_ERROR;
				GCC_WARN_UNDECLARED_SELECTOR = YES;
				GCC_WARN_UNINITIALIZED_AUTOS = YES_AGGRESSIVE;
				GCC_WARN_UNUSED_FUNCTION = YES;
				GCC_WARN_UNUSED_VARIABLE = YES;
				IPHONEOS_DEPLOYMENT_TARGET = 10.3;
				MTL_ENABLE_DEBUG_INFO = NO;
				SDKROOT = iphoneos;
				SWIFT_OPTIMIZATION_LEVEL = "-Owholemodule";
				TARGETED_DEVICE_FAMILY = "1,2";
				VALIDATE_PRODUCT = YES;
			};
			name = Release;
		};
		B570542B1F7BC98300514412 /* Debug */ = {
			isa = XCBuildConfiguration;
			baseConfigurationReference = 4A1E35B614E8FDBADFBBE29C /* Pods-ProAcademy.debug.xcconfig */;
			buildSettings = {
				ASSETCATALOG_COMPILER_APPICON_NAME = AppIcon;
				ASSETCATALOG_COMPILER_LAUNCHIMAGE_NAME = LaunchImage;
				DEVELOPMENT_TEAM = 3Y66QPURVG;
				INFOPLIST_FILE = ProAcademy/Info.plist;
				LD_RUNPATH_SEARCH_PATHS = "$(inherited) @executable_path/Frameworks";
				PRODUCT_BUNDLE_IDENTIFIER = com.designlove.ProAcademy;
				PRODUCT_NAME = "$(TARGET_NAME)";
				SWIFT_VERSION = 3.0;
				TARGETED_DEVICE_FAMILY = 1;
			};
			name = Debug;
		};
		B570542C1F7BC98300514412 /* Release */ = {
			isa = XCBuildConfiguration;
			baseConfigurationReference = A8902566F9CC02EABA39599D /* Pods-ProAcademy.release.xcconfig */;
			buildSettings = {
				ASSETCATALOG_COMPILER_APPICON_NAME = AppIcon;
				ASSETCATALOG_COMPILER_LAUNCHIMAGE_NAME = LaunchImage;
				DEVELOPMENT_TEAM = 3Y66QPURVG;
				INFOPLIST_FILE = ProAcademy/Info.plist;
				LD_RUNPATH_SEARCH_PATHS = "$(inherited) @executable_path/Frameworks";
				PRODUCT_BUNDLE_IDENTIFIER = com.designlove.ProAcademy;
				PRODUCT_NAME = "$(TARGET_NAME)";
				SWIFT_VERSION = 3.0;
				TARGETED_DEVICE_FAMILY = 1;
			};
			name = Release;
		};
		B570542E1F7BC98300514412 /* Debug */ = {
			isa = XCBuildConfiguration;
			baseConfigurationReference = 393078D71735444382B4D15C /* Pods-ProAcademyTests.debug.xcconfig */;
			buildSettings = {
				ALWAYS_EMBED_SWIFT_STANDARD_LIBRARIES = YES;
				BUNDLE_LOADER = "$(TEST_HOST)";
				DEVELOPMENT_TEAM = 3Y66QPURVG;
				INFOPLIST_FILE = ProAcademyTests/Info.plist;
				LD_RUNPATH_SEARCH_PATHS = "$(inherited) @executable_path/Frameworks @loader_path/Frameworks";
				PRODUCT_BUNDLE_IDENTIFIER = com.designlove.ProAcademyTests;
				PRODUCT_NAME = "$(TARGET_NAME)";
				SWIFT_VERSION = 3.0;
				TEST_HOST = "$(BUILT_PRODUCTS_DIR)/ProAcademy.app/ProAcademy";
			};
			name = Debug;
		};
		B570542F1F7BC98300514412 /* Release */ = {
			isa = XCBuildConfiguration;
			baseConfigurationReference = 68951F4B391DBD0DCAEAA963 /* Pods-ProAcademyTests.release.xcconfig */;
			buildSettings = {
				ALWAYS_EMBED_SWIFT_STANDARD_LIBRARIES = YES;
				BUNDLE_LOADER = "$(TEST_HOST)";
				DEVELOPMENT_TEAM = 3Y66QPURVG;
				INFOPLIST_FILE = ProAcademyTests/Info.plist;
				LD_RUNPATH_SEARCH_PATHS = "$(inherited) @executable_path/Frameworks @loader_path/Frameworks";
				PRODUCT_BUNDLE_IDENTIFIER = com.designlove.ProAcademyTests;
				PRODUCT_NAME = "$(TARGET_NAME)";
				SWIFT_VERSION = 3.0;
				TEST_HOST = "$(BUILT_PRODUCTS_DIR)/ProAcademy.app/ProAcademy";
			};
			name = Release;
		};
/* End XCBuildConfiguration section */

/* Begin XCConfigurationList section */
		B57054081F7BC98300514412 /* Build configuration list for PBXProject "ProAcademy" */ = {
			isa = XCConfigurationList;
			buildConfigurations = (
				B57054281F7BC98300514412 /* Debug */,
				B57054291F7BC98300514412 /* Release */,
			);
			defaultConfigurationIsVisible = 0;
			defaultConfigurationName = Release;
		};
		B570542A1F7BC98300514412 /* Build configuration list for PBXNativeTarget "ProAcademy" */ = {
			isa = XCConfigurationList;
			buildConfigurations = (
				B570542B1F7BC98300514412 /* Debug */,
				B570542C1F7BC98300514412 /* Release */,
			);
			defaultConfigurationIsVisible = 0;
			defaultConfigurationName = Release;
		};
		B570542D1F7BC98300514412 /* Build configuration list for PBXNativeTarget "ProAcademyTests" */ = {
			isa = XCConfigurationList;
			buildConfigurations = (
				B570542E1F7BC98300514412 /* Debug */,
				B570542F1F7BC98300514412 /* Release */,
			);
			defaultConfigurationIsVisible = 0;
			defaultConfigurationName = Release;
		};
/* End XCConfigurationList section */

/* Begin XCVersionGroup section */
		B546FD381FB1C1D500E40482 /* Model.xcdatamodeld */ = {
			isa = XCVersionGroup;
			children = (
				B546FD391FB1C1D600E40482 /* Model.xcdatamodel */,
			);
			currentVersion = B546FD391FB1C1D600E40482 /* Model.xcdatamodel */;
			path = Model.xcdatamodeld;
			sourceTree = "<group>";
			versionGroupType = wrapper.xcdatamodel;
		};
/* End XCVersionGroup section */
	};
	rootObject = B57054051F7BC98300514412 /* Project object */;
}
