// !$*UTF8*$!
{
	archiveVersion = 1;
	classes = {
	};
	objectVersion = 46;
	objects = {

/* Begin PBXBuildFile section */
		B5437ACA1F7F9441003DB93D /* TrainingsViewController.swift in Sources */ = {isa = PBXBuildFile; fileRef = B5437AC91F7F9441003DB93D /* TrainingsViewController.swift */; };
		B5437ACC1F7F957A003DB93D /* TrainingTableViewCell.swift in Sources */ = {isa = PBXBuildFile; fileRef = B5437ACB1F7F957A003DB93D /* TrainingTableViewCell.swift */; };
		B5437ACF1F7FB9D7003DB93D /* TrainingDetailsViewController.swift in Sources */ = {isa = PBXBuildFile; fileRef = B5437ACE1F7FB9D7003DB93D /* TrainingDetailsViewController.swift */; };
		B5437AD11F8213A8003DB93D /* BookingViewController.swift in Sources */ = {isa = PBXBuildFile; fileRef = B5437AD01F8213A8003DB93D /* BookingViewController.swift */; };
		B5437AD31F83A20E003DB93D /* FavouritesViewController.swift in Sources */ = {isa = PBXBuildFile; fileRef = B5437AD21F83A20E003DB93D /* FavouritesViewController.swift */; };
		B5437AD51F83A265003DB93D /* Utils.swift in Sources */ = {isa = PBXBuildFile; fileRef = B5437AD41F83A265003DB93D /* Utils.swift */; };
		B5437AD71F85214A003DB93D /* EventsCollectionViewController.swift in Sources */ = {isa = PBXBuildFile; fileRef = B5437AD61F85214A003DB93D /* EventsCollectionViewController.swift */; };
		B5437ADA1F85260A003DB93D /* ArtistsCollectionViewController.swift in Sources */ = {isa = PBXBuildFile; fileRef = B5437AD91F85260A003DB93D /* ArtistsCollectionViewController.swift */; };
		B5437ADC1F863726003DB93D /* FavouriteEventCell.swift in Sources */ = {isa = PBXBuildFile; fileRef = B5437ADB1F863726003DB93D /* FavouriteEventCell.swift */; };
		B5437ADE1F8669E4003DB93D /* ArtistCell.swift in Sources */ = {isa = PBXBuildFile; fileRef = B5437ADD1F8669E4003DB93D /* ArtistCell.swift */; };
		B57054111F7BC98300514412 /* AppDelegate.swift in Sources */ = {isa = PBXBuildFile; fileRef = B57054101F7BC98300514412 /* AppDelegate.swift */; };
		B57054131F7BC98300514412 /* ViewController.swift in Sources */ = {isa = PBXBuildFile; fileRef = B57054121F7BC98300514412 /* ViewController.swift */; };
		B57054161F7BC98300514412 /* Main.storyboard in Resources */ = {isa = PBXBuildFile; fileRef = B57054141F7BC98300514412 /* Main.storyboard */; };
		B57054181F7BC98300514412 /* Assets.xcassets in Resources */ = {isa = PBXBuildFile; fileRef = B57054171F7BC98300514412 /* Assets.xcassets */; };
		B570541B1F7BC98300514412 /* LaunchScreen.storyboard in Resources */ = {isa = PBXBuildFile; fileRef = B57054191F7BC98300514412 /* LaunchScreen.storyboard */; };
		B57054261F7BC98300514412 /* ProAcademyTests.swift in Sources */ = {isa = PBXBuildFile; fileRef = B57054251F7BC98300514412 /* ProAcademyTests.swift */; };
		B57054311F7E247600514412 /* WelcomePageViewController.swift in Sources */ = {isa = PBXBuildFile; fileRef = B57054301F7E247600514412 /* WelcomePageViewController.swift */; };
		B57054331F7E29B600514412 /* WelcomePage1ViewController.swift in Sources */ = {isa = PBXBuildFile; fileRef = B57054321F7E29B600514412 /* WelcomePage1ViewController.swift */; };
		B57054351F7E344C00514412 /* WelcomeViewController.swift in Sources */ = {isa = PBXBuildFile; fileRef = B57054341F7E344C00514412 /* WelcomeViewController.swift */; };
		B5CAC3DD1F875B72009B2A4D /* ArtistViewController.swift in Sources */ = {isa = PBXBuildFile; fileRef = B5CAC3DC1F875B72009B2A4D /* ArtistViewController.swift */; };
/* End PBXBuildFile section */

/* Begin PBXContainerItemProxy section */
		B57054221F7BC98300514412 /* PBXContainerItemProxy */ = {
			isa = PBXContainerItemProxy;
			containerPortal = B57054051F7BC98300514412 /* Project object */;
			proxyType = 1;
			remoteGlobalIDString = B570540C1F7BC98300514412;
			remoteInfo = ProAcademy;
		};
/* End PBXContainerItemProxy section */

/* Begin PBXFileReference section */
		B5437AC91F7F9441003DB93D /* TrainingsViewController.swift */ = {isa = PBXFileReference; fileEncoding = 4; lastKnownFileType = sourcecode.swift; path = TrainingsViewController.swift; sourceTree = "<group>"; };
		B5437ACB1F7F957A003DB93D /* TrainingTableViewCell.swift */ = {isa = PBXFileReference; fileEncoding = 4; lastKnownFileType = sourcecode.swift; path = TrainingTableViewCell.swift; sourceTree = "<group>"; };
		B5437ACE1F7FB9D7003DB93D /* TrainingDetailsViewController.swift */ = {isa = PBXFileReference; fileEncoding = 4; lastKnownFileType = sourcecode.swift; path = TrainingDetailsViewController.swift; sourceTree = "<group>"; };
		B5437AD01F8213A8003DB93D /* BookingViewController.swift */ = {isa = PBXFileReference; fileEncoding = 4; lastKnownFileType = sourcecode.swift; path = BookingViewController.swift; sourceTree = "<group>"; };
		B5437AD21F83A20E003DB93D /* FavouritesViewController.swift */ = {isa = PBXFileReference; fileEncoding = 4; lastKnownFileType = sourcecode.swift; path = FavouritesViewController.swift; sourceTree = "<group>"; };
		B5437AD41F83A265003DB93D /* Utils.swift */ = {isa = PBXFileReference; fileEncoding = 4; lastKnownFileType = sourcecode.swift; path = Utils.swift; sourceTree = "<group>"; };
		B5437AD61F85214A003DB93D /* EventsCollectionViewController.swift */ = {isa = PBXFileReference; fileEncoding = 4; lastKnownFileType = sourcecode.swift; path = EventsCollectionViewController.swift; sourceTree = "<group>"; };
		B5437AD91F85260A003DB93D /* ArtistsCollectionViewController.swift */ = {isa = PBXFileReference; fileEncoding = 4; lastKnownFileType = sourcecode.swift; path = ArtistsCollectionViewController.swift; sourceTree = "<group>"; };
		B5437ADB1F863726003DB93D /* FavouriteEventCell.swift */ = {isa = PBXFileReference; fileEncoding = 4; lastKnownFileType = sourcecode.swift; path = FavouriteEventCell.swift; sourceTree = "<group>"; };
		B5437ADD1F8669E4003DB93D /* ArtistCell.swift */ = {isa = PBXFileReference; fileEncoding = 4; lastKnownFileType = sourcecode.swift; path = ArtistCell.swift; sourceTree = "<group>"; };
		B570540D1F7BC98300514412 /* ProAcademy.app */ = {isa = PBXFileReference; explicitFileType = wrapper.application; includeInIndex = 0; path = ProAcademy.app; sourceTree = BUILT_PRODUCTS_DIR; };
		B57054101F7BC98300514412 /* AppDelegate.swift */ = {isa = PBXFileReference; lastKnownFileType = sourcecode.swift; path = AppDelegate.swift; sourceTree = "<group>"; };
		B57054121F7BC98300514412 /* ViewController.swift */ = {isa = PBXFileReference; lastKnownFileType = sourcecode.swift; path = ViewController.swift; sourceTree = "<group>"; };
		B57054151F7BC98300514412 /* Base */ = {isa = PBXFileReference; lastKnownFileType = file.storyboard; name = Base; path = Base.lproj/Main.storyboard; sourceTree = "<group>"; };
		B57054171F7BC98300514412 /* Assets.xcassets */ = {isa = PBXFileReference; lastKnownFileType = folder.assetcatalog; path = Assets.xcassets; sourceTree = "<group>"; };
		B570541A1F7BC98300514412 /* Base */ = {isa = PBXFileReference; lastKnownFileType = file.storyboard; name = Base; path = Base.lproj/LaunchScreen.storyboard; sourceTree = "<group>"; };
		B570541C1F7BC98300514412 /* Info.plist */ = {isa = PBXFileReference; lastKnownFileType = text.plist.xml; path = Info.plist; sourceTree = "<group>"; };
		B57054211F7BC98300514412 /* ProAcademyTests.xctest */ = {isa = PBXFileReference; explicitFileType = wrapper.cfbundle; includeInIndex = 0; path = ProAcademyTests.xctest; sourceTree = BUILT_PRODUCTS_DIR; };
		B57054251F7BC98300514412 /* ProAcademyTests.swift */ = {isa = PBXFileReference; lastKnownFileType = sourcecode.swift; path = ProAcademyTests.swift; sourceTree = "<group>"; };
		B57054271F7BC98300514412 /* Info.plist */ = {isa = PBXFileReference; lastKnownFileType = text.plist.xml; path = Info.plist; sourceTree = "<group>"; };
		B57054301F7E247600514412 /* WelcomePageViewController.swift */ = {isa = PBXFileReference; fileEncoding = 4; lastKnownFileType = sourcecode.swift; path = WelcomePageViewController.swift; sourceTree = "<group>"; };
		B57054321F7E29B600514412 /* WelcomePage1ViewController.swift */ = {isa = PBXFileReference; fileEncoding = 4; lastKnownFileType = sourcecode.swift; path = WelcomePage1ViewController.swift; sourceTree = "<group>"; };
		B57054341F7E344C00514412 /* WelcomeViewController.swift */ = {isa = PBXFileReference; fileEncoding = 4; lastKnownFileType = sourcecode.swift; path = WelcomeViewController.swift; sourceTree = "<group>"; };
		B5CAC3DC1F875B72009B2A4D /* ArtistViewController.swift */ = {isa = PBXFileReference; fileEncoding = 4; lastKnownFileType = sourcecode.swift; path = ArtistViewController.swift; sourceTree = "<group>"; };
/* End PBXFileReference section */

/* Begin PBXFrameworksBuildPhase section */
		B570540A1F7BC98300514412 /* Frameworks */ = {
			isa = PBXFrameworksBuildPhase;
			buildActionMask = 2147483647;
			files = (
			);
			runOnlyForDeploymentPostprocessing = 0;
		};
		B570541E1F7BC98300514412 /* Frameworks */ = {
			isa = PBXFrameworksBuildPhase;
			buildActionMask = 2147483647;
			files = (
			);
			runOnlyForDeploymentPostprocessing = 0;
		};
/* End PBXFrameworksBuildPhase section */

/* Begin PBXGroup section */
		B5437ACD1F7F95D7003DB93D /* Trainings */ = {
			isa = PBXGroup;
			children = (
				B5437AC91F7F9441003DB93D /* TrainingsViewController.swift */,
				B5437ACB1F7F957A003DB93D /* TrainingTableViewCell.swift */,
			);
			name = Trainings;
			sourceTree = "<group>";
		};
		B5437AD81F8525CF003DB93D /* Favourites */ = {
			isa = PBXGroup;
			children = (
				B5437AD21F83A20E003DB93D /* FavouritesViewController.swift */,
				B5437AD61F85214A003DB93D /* EventsCollectionViewController.swift */,
				B5437AD91F85260A003DB93D /* ArtistsCollectionViewController.swift */,
				B5437ADB1F863726003DB93D /* FavouriteEventCell.swift */,
				B5437ADD1F8669E4003DB93D /* ArtistCell.swift */,
			);
			name = Favourites;
			sourceTree = "<group>";
		};
		B57054041F7BC98300514412 = {
			isa = PBXGroup;
			children = (
				B570540F1F7BC98300514412 /* ProAcademy */,
				B57054241F7BC98300514412 /* ProAcademyTests */,
				B570540E1F7BC98300514412 /* Products */,
			);
			sourceTree = "<group>";
		};
		B570540E1F7BC98300514412 /* Products */ = {
			isa = PBXGroup;
			children = (
				B570540D1F7BC98300514412 /* ProAcademy.app */,
				B57054211F7BC98300514412 /* ProAcademyTests.xctest */,
			);
			name = Products;
			sourceTree = "<group>";
		};
		B570540F1F7BC98300514412 /* ProAcademy */ = {
			isa = PBXGroup;
			children = (
				B57054101F7BC98300514412 /* AppDelegate.swift */,
				B57054121F7BC98300514412 /* ViewController.swift */,
				B57054141F7BC98300514412 /* Main.storyboard */,
				B57054171F7BC98300514412 /* Assets.xcassets */,
				B57054191F7BC98300514412 /* LaunchScreen.storyboard */,
				B570541C1F7BC98300514412 /* Info.plist */,
				B57054361F7E43D600514412 /* Welcome */,
				B5437ACD1F7F95D7003DB93D /* Trainings */,
				B5437ACE1F7FB9D7003DB93D /* TrainingDetailsViewController.swift */,
				B5437AD01F8213A8003DB93D /* BookingViewController.swift */,
				B5437AD81F8525CF003DB93D /* Favourites */,
				B5437AD41F83A265003DB93D /* Utils.swift */,
				B5CAC3DC1F875B72009B2A4D /* ArtistViewController.swift */,
			);
			path = ProAcademy;
			sourceTree = "<group>";
		};
		B57054241F7BC98300514412 /* ProAcademyTests */ = {
			isa = PBXGroup;
			children = (
				B57054251F7BC98300514412 /* ProAcademyTests.swift */,
				B57054271F7BC98300514412 /* Info.plist */,
			);
			path = ProAcademyTests;
			sourceTree = "<group>";
		};
		B57054361F7E43D600514412 /* Welcome */ = {
			isa = PBXGroup;
			children = (
				B57054301F7E247600514412 /* WelcomePageViewController.swift */,
				B57054321F7E29B600514412 /* WelcomePage1ViewController.swift */,
				B57054341F7E344C00514412 /* WelcomeViewController.swift */,
			);
			name = Welcome;
			sourceTree = "<group>";
		};
/* End PBXGroup section */

/* Begin PBXNativeTarget section */
		B570540C1F7BC98300514412 /* ProAcademy */ = {
			isa = PBXNativeTarget;
			buildConfigurationList = B570542A1F7BC98300514412 /* Build configuration list for PBXNativeTarget "ProAcademy" */;
			buildPhases = (
				B57054091F7BC98300514412 /* Sources */,
				B570540A1F7BC98300514412 /* Frameworks */,
				B570540B1F7BC98300514412 /* Resources */,
			);
			buildRules = (
			);
			dependencies = (
			);
			name = ProAcademy;
			productName = ProAcademy;
			productReference = B570540D1F7BC98300514412 /* ProAcademy.app */;
			productType = "com.apple.product-type.application";
		};
		B57054201F7BC98300514412 /* ProAcademyTests */ = {
			isa = PBXNativeTarget;
			buildConfigurationList = B570542D1F7BC98300514412 /* Build configuration list for PBXNativeTarget "ProAcademyTests" */;
			buildPhases = (
				B570541D1F7BC98300514412 /* Sources */,
				B570541E1F7BC98300514412 /* Frameworks */,
				B570541F1F7BC98300514412 /* Resources */,
			);
			buildRules = (
			);
			dependencies = (
				B57054231F7BC98300514412 /* PBXTargetDependency */,
			);
			name = ProAcademyTests;
			productName = ProAcademyTests;
			productReference = B57054211F7BC98300514412 /* ProAcademyTests.xctest */;
			productType = "com.apple.product-type.bundle.unit-test";
		};
/* End PBXNativeTarget section */

/* Begin PBXProject section */
		B57054051F7BC98300514412 /* Project object */ = {
			isa = PBXProject;
			attributes = {
				LastSwiftUpdateCheck = 0830;
				LastUpgradeCheck = 0830;
				ORGANIZATIONNAME = "Design Love";
				TargetAttributes = {
					B570540C1F7BC98300514412 = {
						CreatedOnToolsVersion = 8.3.3;
						DevelopmentTeam = 3Y66QPURVG;
						ProvisioningStyle = Automatic;
					};
					B57054201F7BC98300514412 = {
						CreatedOnToolsVersion = 8.3.3;
						DevelopmentTeam = 3Y66QPURVG;
						ProvisioningStyle = Automatic;
						TestTargetID = B570540C1F7BC98300514412;
					};
				};
			};
			buildConfigurationList = B57054081F7BC98300514412 /* Build configuration list for PBXProject "ProAcademy" */;
			compatibilityVersion = "Xcode 3.2";
			developmentRegion = English;
			hasScannedForEncodings = 0;
			knownRegions = (
				en,
				Base,
			);
			mainGroup = B57054041F7BC98300514412;
			productRefGroup = B570540E1F7BC98300514412 /* Products */;
			projectDirPath = "";
			projectRoot = "";
			targets = (
				B570540C1F7BC98300514412 /* ProAcademy */,
				B57054201F7BC98300514412 /* ProAcademyTests */,
			);
		};
/* End PBXProject section */

/* Begin PBXResourcesBuildPhase section */
		B570540B1F7BC98300514412 /* Resources */ = {
			isa = PBXResourcesBuildPhase;
			buildActionMask = 2147483647;
			files = (
				B570541B1F7BC98300514412 /* LaunchScreen.storyboard in Resources */,
				B57054181F7BC98300514412 /* Assets.xcassets in Resources */,
				B57054161F7BC98300514412 /* Main.storyboard in Resources */,
			);
			runOnlyForDeploymentPostprocessing = 0;
		};
		B570541F1F7BC98300514412 /* Resources */ = {
			isa = PBXResourcesBuildPhase;
			buildActionMask = 2147483647;
			files = (
			);
			runOnlyForDeploymentPostprocessing = 0;
		};
/* End PBXResourcesBuildPhase section */

/* Begin PBXSourcesBuildPhase section */
		B57054091F7BC98300514412 /* Sources */ = {
			isa = PBXSourcesBuildPhase;
			buildActionMask = 2147483647;
			files = (
				B57054331F7E29B600514412 /* WelcomePage1ViewController.swift in Sources */,
				B5437ADA1F85260A003DB93D /* ArtistsCollectionViewController.swift in Sources */,
				B5437AD11F8213A8003DB93D /* BookingViewController.swift in Sources */,
				B57054351F7E344C00514412 /* WelcomeViewController.swift in Sources */,
				B5437ACA1F7F9441003DB93D /* TrainingsViewController.swift in Sources */,
				B57054311F7E247600514412 /* WelcomePageViewController.swift in Sources */,
				B57054131F7BC98300514412 /* ViewController.swift in Sources */,
				B5437ACC1F7F957A003DB93D /* TrainingTableViewCell.swift in Sources */,
				B5437ADE1F8669E4003DB93D /* ArtistCell.swift in Sources */,
				B5437AD71F85214A003DB93D /* EventsCollectionViewController.swift in Sources */,
				B5437AD51F83A265003DB93D /* Utils.swift in Sources */,
				B5CAC3DD1F875B72009B2A4D /* ArtistViewController.swift in Sources */,
				B57054111F7BC98300514412 /* AppDelegate.swift in Sources */,
				B5437AD31F83A20E003DB93D /* FavouritesViewController.swift in Sources */,
				B5437ADC1F863726003DB93D /* FavouriteEventCell.swift in Sources */,
				B5437ACF1F7FB9D7003DB93D /* TrainingDetailsViewController.swift in Sources */,
			);
			runOnlyForDeploymentPostprocessing = 0;
		};
		B570541D1F7BC98300514412 /* Sources */ = {
			isa = PBXSourcesBuildPhase;
			buildActionMask = 2147483647;
			files = (
				B57054261F7BC98300514412 /* ProAcademyTests.swift in Sources */,
			);
			runOnlyForDeploymentPostprocessing = 0;
		};
/* End PBXSourcesBuildPhase section */

/* Begin PBXTargetDependency section */
		B57054231F7BC98300514412 /* PBXTargetDependency */ = {
			isa = PBXTargetDependency;
			target = B570540C1F7BC98300514412 /* ProAcademy */;
			targetProxy = B57054221F7BC98300514412 /* PBXContainerItemProxy */;
		};
/* End PBXTargetDependency section */

/* Begin PBXVariantGroup section */
		B57054141F7BC98300514412 /* Main.storyboard */ = {
			isa = PBXVariantGroup;
			children = (
				B57054151F7BC98300514412 /* Base */,
			);
			name = Main.storyboard;
			sourceTree = "<group>";
		};
		B57054191F7BC98300514412 /* LaunchScreen.storyboard */ = {
			isa = PBXVariantGroup;
			children = (
				B570541A1F7BC98300514412 /* Base */,
			);
			name = LaunchScreen.storyboard;
			sourceTree = "<group>";
		};
/* End PBXVariantGroup section */

/* Begin XCBuildConfiguration section */
		B57054281F7BC98300514412 /* Debug */ = {
			isa = XCBuildConfiguration;
			buildSettings = {
				ALWAYS_SEARCH_USER_PATHS = NO;
				CLANG_ANALYZER_NONNULL = YES;
				CLANG_ANALYZER_NUMBER_OBJECT_CONVERSION = YES_AGGRESSIVE;
				CLANG_CXX_LANGUAGE_STANDARD = "gnu++0x";
				CLANG_CXX_LIBRARY = "libc++";
				CLANG_ENABLE_MODULES = YES;
				CLANG_ENABLE_OBJC_ARC = YES;
				CLANG_WARN_BOOL_CONVERSION = YES;
				CLANG_WARN_CONSTANT_CONVERSION = YES;
				CLANG_WARN_DIRECT_OBJC_ISA_USAGE = YES_ERROR;
				CLANG_WARN_DOCUMENTATION_COMMENTS = YES;
				CLANG_WARN_EMPTY_BODY = YES;
				CLANG_WARN_ENUM_CONVERSION = YES;
				CLANG_WARN_INFINITE_RECURSION = YES;
				CLANG_WARN_INT_CONVERSION = YES;
				CLANG_WARN_OBJC_ROOT_CLASS = YES_ERROR;
				CLANG_WARN_SUSPICIOUS_MOVE = YES;
				CLANG_WARN_UNREACHABLE_CODE = YES;
				CLANG_WARN__DUPLICATE_METHOD_MATCH = YES;
				"CODE_SIGN_IDENTITY[sdk=iphoneos*]" = "iPhone Developer";
				COPY_PHASE_STRIP = NO;
				DEBUG_INFORMATION_FORMAT = dwarf;
				ENABLE_STRICT_OBJC_MSGSEND = YES;
				ENABLE_TESTABILITY = YES;
				GCC_C_LANGUAGE_STANDARD = gnu99;
				GCC_DYNAMIC_NO_PIC = NO;
				GCC_NO_COMMON_BLOCKS = YES;
				GCC_OPTIMIZATION_LEVEL = 0;
				GCC_PREPROCESSOR_DEFINITIONS = (
					"DEBUG=1",
					"$(inherited)",
				);
				GCC_WARN_64_TO_32_BIT_CONVERSION = YES;
				GCC_WARN_ABOUT_RETURN_TYPE = YES_ERROR;
				GCC_WARN_UNDECLARED_SELECTOR = YES;
				GCC_WARN_UNINITIALIZED_AUTOS = YES_AGGRESSIVE;
				GCC_WARN_UNUSED_FUNCTION = YES;
				GCC_WARN_UNUSED_VARIABLE = YES;
				IPHONEOS_DEPLOYMENT_TARGET = 10.3;
				MTL_ENABLE_DEBUG_INFO = YES;
				ONLY_ACTIVE_ARCH = YES;
				SDKROOT = iphoneos;
				SWIFT_ACTIVE_COMPILATION_CONDITIONS = DEBUG;
				SWIFT_OPTIMIZATION_LEVEL = "-Onone";
				TARGETED_DEVICE_FAMILY = "1,2";
			};
			name = Debug;
		};
		B57054291F7BC98300514412 /* Release */ = {
			isa = XCBuildConfiguration;
			buildSettings = {
				ALWAYS_SEARCH_USER_PATHS = NO;
				CLANG_ANALYZER_NONNULL = YES;
				CLANG_ANALYZER_NUMBER_OBJECT_CONVERSION = YES_AGGRESSIVE;
				CLANG_CXX_LANGUAGE_STANDARD = "gnu++0x";
				CLANG_CXX_LIBRARY = "libc++";
				CLANG_ENABLE_MODULES = YES;
				CLANG_ENABLE_OBJC_ARC = YES;
				CLANG_WARN_BOOL_CONVERSION = YES;
				CLANG_WARN_CONSTANT_CONVERSION = YES;
				CLANG_WARN_DIRECT_OBJC_ISA_USAGE = YES_ERROR;
				CLANG_WARN_DOCUMENTATION_COMMENTS = YES;
				CLANG_WARN_EMPTY_BODY = YES;
				CLANG_WARN_ENUM_CONVERSION = YES;
				CLANG_WARN_INFINITE_RECURSION = YES;
				CLANG_WARN_INT_CONVERSION = YES;
				CLANG_WARN_OBJC_ROOT_CLASS = YES_ERROR;
				CLANG_WARN_SUSPICIOUS_MOVE = YES;
				CLANG_WARN_UNREACHABLE_CODE = YES;
				CLANG_WARN__DUPLICATE_METHOD_MATCH = YES;
				"CODE_SIGN_IDENTITY[sdk=iphoneos*]" = "iPhone Developer";
				COPY_PHASE_STRIP = NO;
				DEBUG_INFORMATION_FORMAT = "dwarf-with-dsym";
				ENABLE_NS_ASSERTIONS = NO;
				ENABLE_STRICT_OBJC_MSGSEND = YES;
				GCC_C_LANGUAGE_STANDARD = gnu99;
				GCC_NO_COMMON_BLOCKS = YES;
				GCC_WARN_64_TO_32_BIT_CONVERSION = YES;
				GCC_WARN_ABOUT_RETURN_TYPE = YES_ERROR;
				GCC_WARN_UNDECLARED_SELECTOR = YES;
				GCC_WARN_UNINITIALIZED_AUTOS = YES_AGGRESSIVE;
				GCC_WARN_UNUSED_FUNCTION = YES;
				GCC_WARN_UNUSED_VARIABLE = YES;
				IPHONEOS_DEPLOYMENT_TARGET = 10.3;
				MTL_ENABLE_DEBUG_INFO = NO;
				SDKROOT = iphoneos;
				SWIFT_OPTIMIZATION_LEVEL = "-Owholemodule";
				TARGETED_DEVICE_FAMILY = "1,2";
				VALIDATE_PRODUCT = YES;
			};
			name = Release;
		};
		B570542B1F7BC98300514412 /* Debug */ = {
			isa = XCBuildConfiguration;
			buildSettings = {
				ASSETCATALOG_COMPILER_APPICON_NAME = AppIcon;
				DEVELOPMENT_TEAM = 3Y66QPURVG;
				INFOPLIST_FILE = ProAcademy/Info.plist;
				LD_RUNPATH_SEARCH_PATHS = "$(inherited) @executable_path/Frameworks";
				PRODUCT_BUNDLE_IDENTIFIER = com.designlove.ProAcademy;
				PRODUCT_NAME = "$(TARGET_NAME)";
				SWIFT_VERSION = 3.0;
			};
			name = Debug;
		};
		B570542C1F7BC98300514412 /* Release */ = {
			isa = XCBuildConfiguration;
			buildSettings = {
				ASSETCATALOG_COMPILER_APPICON_NAME = AppIcon;
				DEVELOPMENT_TEAM = 3Y66QPURVG;
				INFOPLIST_FILE = ProAcademy/Info.plist;
				LD_RUNPATH_SEARCH_PATHS = "$(inherited) @executable_path/Frameworks";
				PRODUCT_BUNDLE_IDENTIFIER = com.designlove.ProAcademy;
				PRODUCT_NAME = "$(TARGET_NAME)";
				SWIFT_VERSION = 3.0;
			};
			name = Release;
		};
		B570542E1F7BC98300514412 /* Debug */ = {
			isa = XCBuildConfiguration;
			buildSettings = {
				ALWAYS_EMBED_SWIFT_STANDARD_LIBRARIES = YES;
				BUNDLE_LOADER = "$(TEST_HOST)";
				DEVELOPMENT_TEAM = 3Y66QPURVG;
				INFOPLIST_FILE = ProAcademyTests/Info.plist;
				LD_RUNPATH_SEARCH_PATHS = "$(inherited) @executable_path/Frameworks @loader_path/Frameworks";
				PRODUCT_BUNDLE_IDENTIFIER = com.designlove.ProAcademyTests;
				PRODUCT_NAME = "$(TARGET_NAME)";
				SWIFT_VERSION = 3.0;
				TEST_HOST = "$(BUILT_PRODUCTS_DIR)/ProAcademy.app/ProAcademy";
			};
			name = Debug;
		};
		B570542F1F7BC98300514412 /* Release */ = {
			isa = XCBuildConfiguration;
			buildSettings = {
				ALWAYS_EMBED_SWIFT_STANDARD_LIBRARIES = YES;
				BUNDLE_LOADER = "$(TEST_HOST)";
				DEVELOPMENT_TEAM = 3Y66QPURVG;
				INFOPLIST_FILE = ProAcademyTests/Info.plist;
				LD_RUNPATH_SEARCH_PATHS = "$(inherited) @executable_path/Frameworks @loader_path/Frameworks";
				PRODUCT_BUNDLE_IDENTIFIER = com.designlove.ProAcademyTests;
				PRODUCT_NAME = "$(TARGET_NAME)";
				SWIFT_VERSION = 3.0;
				TEST_HOST = "$(BUILT_PRODUCTS_DIR)/ProAcademy.app/ProAcademy";
			};
			name = Release;
		};
/* End XCBuildConfiguration section */

/* Begin XCConfigurationList section */
		B57054081F7BC98300514412 /* Build configuration list for PBXProject "ProAcademy" */ = {
			isa = XCConfigurationList;
			buildConfigurations = (
				B57054281F7BC98300514412 /* Debug */,
				B57054291F7BC98300514412 /* Release */,
			);
			defaultConfigurationIsVisible = 0;
			defaultConfigurationName = Release;
		};
		B570542A1F7BC98300514412 /* Build configuration list for PBXNativeTarget "ProAcademy" */ = {
			isa = XCConfigurationList;
			buildConfigurations = (
				B570542B1F7BC98300514412 /* Debug */,
				B570542C1F7BC98300514412 /* Release */,
			);
			defaultConfigurationIsVisible = 0;
			defaultConfigurationName = Release;
		};
		B570542D1F7BC98300514412 /* Build configuration list for PBXNativeTarget "ProAcademyTests" */ = {
			isa = XCConfigurationList;
			buildConfigurations = (
				B570542E1F7BC98300514412 /* Debug */,
				B570542F1F7BC98300514412 /* Release */,
			);
			defaultConfigurationIsVisible = 0;
			defaultConfigurationName = Release;
		};
/* End XCConfigurationList section */
	};
	rootObject = B57054051F7BC98300514412 /* Project object */;
}
